
Microsoft Visual Studio Solution File, Format Version 12.00
# Visual Studio 15
VisualStudioVersion = 15.0.27703.2042
MinimumVisualStudioVersion = 10.0.40219.1
Project("{9A19103F-16F7-4668-BE54-9A1E7A4F7556}") = "GeoPing.Core", "src\GeoPing.Core\GeoPing.Core.csproj", "{57284F56-1434-4006-B0EA-CDA341AF322D}"
EndProject
Project("{9A19103F-16F7-4668-BE54-9A1E7A4F7556}") = "GeoPing.Api", "src\GeoPing.Api\GeoPing.Api.csproj", "{4DDCF5F6-8399-4FD8-9D3F-117C2ED91F84}"
EndProject
Project("{9A19103F-16F7-4668-BE54-9A1E7A4F7556}") = "GeoPing.Utilities", "src\GeoPing.Utilities\GeoPing.Utilities.csproj", "{CF30C8B4-0CD2-4603-A046-4EFF4D9E1883}"
EndProject
Project("{2150E333-8FDC-42A3-9474-1A3956D46DE8}") = "tests", "tests", "{FF4C6CBE-1A44-429D-A221-0FE1251B0608}"
EndProject
Project("{2150E333-8FDC-42A3-9474-1A3956D46DE8}") = "src", "src", "{8D55F8D7-5BAB-46D2-93F8-A44B49D36EAE}"
EndProject
Project("{9A19103F-16F7-4668-BE54-9A1E7A4F7556}") = "GeoPing.TestData", "tests\GeoPing.TestData\GeoPing.TestData.csproj", "{D4A3D4E8-6530-41DF-A092-ABD44FD67CBF}"
	ProjectSection(ProjectDependencies) = postProject
		{57284F56-1434-4006-B0EA-CDA341AF322D} = {57284F56-1434-4006-B0EA-CDA341AF322D}
		{CF30C8B4-0CD2-4603-A046-4EFF4D9E1883} = {CF30C8B4-0CD2-4603-A046-4EFF4D9E1883}
	EndProjectSection
EndProject
Project("{9A19103F-16F7-4668-BE54-9A1E7A4F7556}") = "GeoPing.Api.Tests", "tests\GeoPing.Api.Tests\GeoPing.Api.Tests.csproj", "{430EAD87-B85E-41BC-AB16-6794F6370927}"
EndProject
Project("{FAE04EC0-301F-11D3-BF4B-00C04F79EFBC}") = "GeoPing.Infrastructure", "src\GeoPing.Infrastructure\GeoPing.Infrastructure.csproj", "{0CF2A9B5-8109-4F5A-B2E9-958B55BE33EC}"
EndProject
Project("{FAE04EC0-301F-11D3-BF4B-00C04F79EFBC}") = "Geoping.Services", "src\Geoping.Services\Geoping.Services.csproj", "{55A77FD3-C1E7-4346-B852-6244627982F6}"
EndProject
Global
	GlobalSection(SolutionConfigurationPlatforms) = preSolution
		Debug|Any CPU = Debug|Any CPU
		Release|Any CPU = Release|Any CPU
	EndGlobalSection
	GlobalSection(ProjectConfigurationPlatforms) = postSolution
		{57284F56-1434-4006-B0EA-CDA341AF322D}.Debug|Any CPU.ActiveCfg = Debug|Any CPU
		{57284F56-1434-4006-B0EA-CDA341AF322D}.Debug|Any CPU.Build.0 = Debug|Any CPU
		{57284F56-1434-4006-B0EA-CDA341AF322D}.Release|Any CPU.ActiveCfg = Release|Any CPU
		{57284F56-1434-4006-B0EA-CDA341AF322D}.Release|Any CPU.Build.0 = Release|Any CPU
		{4DDCF5F6-8399-4FD8-9D3F-117C2ED91F84}.Debug|Any CPU.ActiveCfg = Debug|Any CPU
		{4DDCF5F6-8399-4FD8-9D3F-117C2ED91F84}.Debug|Any CPU.Build.0 = Debug|Any CPU
		{4DDCF5F6-8399-4FD8-9D3F-117C2ED91F84}.Release|Any CPU.ActiveCfg = Release|Any CPU
		{4DDCF5F6-8399-4FD8-9D3F-117C2ED91F84}.Release|Any CPU.Build.0 = Release|Any CPU
		{CF30C8B4-0CD2-4603-A046-4EFF4D9E1883}.Debug|Any CPU.ActiveCfg = Debug|Any CPU
		{CF30C8B4-0CD2-4603-A046-4EFF4D9E1883}.Debug|Any CPU.Build.0 = Debug|Any CPU
		{CF30C8B4-0CD2-4603-A046-4EFF4D9E1883}.Release|Any CPU.ActiveCfg = Release|Any CPU
		{CF30C8B4-0CD2-4603-A046-4EFF4D9E1883}.Release|Any CPU.Build.0 = Release|Any CPU
		{D4A3D4E8-6530-41DF-A092-ABD44FD67CBF}.Debug|Any CPU.ActiveCfg = Debug|Any CPU
		{D4A3D4E8-6530-41DF-A092-ABD44FD67CBF}.Debug|Any CPU.Build.0 = Debug|Any CPU
		{D4A3D4E8-6530-41DF-A092-ABD44FD67CBF}.Release|Any CPU.ActiveCfg = Release|Any CPU
		{D4A3D4E8-6530-41DF-A092-ABD44FD67CBF}.Release|Any CPU.Build.0 = Release|Any CPU
		{430EAD87-B85E-41BC-AB16-6794F6370927}.Debug|Any CPU.ActiveCfg = Debug|Any CPU
		{430EAD87-B85E-41BC-AB16-6794F6370927}.Debug|Any CPU.Build.0 = Debug|Any CPU
		{430EAD87-B85E-41BC-AB16-6794F6370927}.Release|Any CPU.ActiveCfg = Release|Any CPU
		{430EAD87-B85E-41BC-AB16-6794F6370927}.Release|Any CPU.Build.0 = Release|Any CPU
		{0CF2A9B5-8109-4F5A-B2E9-958B55BE33EC}.Debug|Any CPU.ActiveCfg = Debug|Any CPU
		{0CF2A9B5-8109-4F5A-B2E9-958B55BE33EC}.Debug|Any CPU.Build.0 = Debug|Any CPU
		{0CF2A9B5-8109-4F5A-B2E9-958B55BE33EC}.Release|Any CPU.ActiveCfg = Release|Any CPU
		{0CF2A9B5-8109-4F5A-B2E9-958B55BE33EC}.Release|Any CPU.Build.0 = Release|Any CPU
		{55A77FD3-C1E7-4346-B852-6244627982F6}.Debug|Any CPU.ActiveCfg = Debug|Any CPU
		{55A77FD3-C1E7-4346-B852-6244627982F6}.Debug|Any CPU.Build.0 = Debug|Any CPU
		{55A77FD3-C1E7-4346-B852-6244627982F6}.Release|Any CPU.ActiveCfg = Release|Any CPU
		{55A77FD3-C1E7-4346-B852-6244627982F6}.Release|Any CPU.Build.0 = Release|Any CPU
	EndGlobalSection
	GlobalSection(SolutionProperties) = preSolution
		HideSolutionNode = FALSE
	EndGlobalSection
	GlobalSection(NestedProjects) = preSolution
		{57284F56-1434-4006-B0EA-CDA341AF322D} = {8D55F8D7-5BAB-46D2-93F8-A44B49D36EAE}
		{4DDCF5F6-8399-4FD8-9D3F-117C2ED91F84} = {8D55F8D7-5BAB-46D2-93F8-A44B49D36EAE}
		{CF30C8B4-0CD2-4603-A046-4EFF4D9E1883} = {8D55F8D7-5BAB-46D2-93F8-A44B49D36EAE}
		{D4A3D4E8-6530-41DF-A092-ABD44FD67CBF} = {FF4C6CBE-1A44-429D-A221-0FE1251B0608}
		{430EAD87-B85E-41BC-AB16-6794F6370927} = {FF4C6CBE-1A44-429D-A221-0FE1251B0608}
		{0CF2A9B5-8109-4F5A-B2E9-958B55BE33EC} = {8D55F8D7-5BAB-46D2-93F8-A44B49D36EAE}
		{55A77FD3-C1E7-4346-B852-6244627982F6} = {8D55F8D7-5BAB-46D2-93F8-A44B49D36EAE}
	EndGlobalSection
	GlobalSection(ExtensibilityGlobals) = postSolution
		SolutionGuid = {C667CE7F-682B-4DDB-9CD5-D6C5CF5BAA8B}
	EndGlobalSection
EndGlobal
