
Microsoft Visual Studio Solution File, Format Version 12.00
# Visual Studio 15
VisualStudioVersion = 15.0.27703.2042
MinimumVisualStudioVersion = 10.0.40219.1
Project("{FAE04EC0-301F-11D3-BF4B-00C04F79EFBC}") = "GeoPing.Core", "src\GeoPing.Core\GeoPing.Core.csproj", "{57284F56-1434-4006-B0EA-CDA341AF322D}"
EndProject
Project("{FAE04EC0-301F-11D3-BF4B-00C04F79EFBC}") = "GeoPing.Api", "src\GeoPing.Api\GeoPing.Api.csproj", "{4DDCF5F6-8399-4FD8-9D3F-117C2ED91F84}"
EndProject
Project("{FAE04EC0-301F-11D3-BF4B-00C04F79EFBC}") = "GeoPing.Utilities", "src\GeoPing.Utilities\GeoPing.Utilities.csproj", "{CF30C8B4-0CD2-4603-A046-4EFF4D9E1883}"
EndProject
Global
	GlobalSection(SolutionConfigurationPlatforms) = preSolution
		Debug|Any CPU = Debug|Any CPU
		Release|Any CPU = Release|Any CPU
	EndGlobalSection
	GlobalSection(ProjectConfigurationPlatforms) = postSolution
		{57284F56-1434-4006-B0EA-CDA341AF322D}.Debug|Any CPU.ActiveCfg = Debug|Any CPU
		{57284F56-1434-4006-B0EA-CDA341AF322D}.Debug|Any CPU.Build.0 = Debug|Any CPU
		{57284F56-1434-4006-B0EA-CDA341AF322D}.Release|Any CPU.ActiveCfg = Release|Any CPU
		{57284F56-1434-4006-B0EA-CDA341AF322D}.Release|Any CPU.Build.0 = Release|Any CPU
		{4DDCF5F6-8399-4FD8-9D3F-117C2ED91F84}.Debug|Any CPU.ActiveCfg = Debug|Any CPU
		{4DDCF5F6-8399-4FD8-9D3F-117C2ED91F84}.Debug|Any CPU.Build.0 = Debug|Any CPU
		{4DDCF5F6-8399-4FD8-9D3F-117C2ED91F84}.Release|Any CPU.ActiveCfg = Release|Any CPU
		{4DDCF5F6-8399-4FD8-9D3F-117C2ED91F84}.Release|Any CPU.Build.0 = Release|Any CPU
		{CF30C8B4-0CD2-4603-A046-4EFF4D9E1883}.Debug|Any CPU.ActiveCfg = Debug|Any CPU
		{CF30C8B4-0CD2-4603-A046-4EFF4D9E1883}.Debug|Any CPU.Build.0 = Debug|Any CPU
		{CF30C8B4-0CD2-4603-A046-4EFF4D9E1883}.Release|Any CPU.ActiveCfg = Release|Any CPU
		{CF30C8B4-0CD2-4603-A046-4EFF4D9E1883}.Release|Any CPU.Build.0 = Release|Any CPU
	EndGlobalSection
	GlobalSection(SolutionProperties) = preSolution
		HideSolutionNode = FALSE
	EndGlobalSection
	GlobalSection(ExtensibilityGlobals) = postSolution
		SolutionGuid = {C667CE7F-682B-4DDB-9CD5-D6C5CF5BAA8B}
	EndGlobalSection
EndGlobal
