
Microsoft Visual Studio Solution File, Format Version 12.00
# Visual Studio 15
VisualStudioVersion = 15.0.27703.2042
MinimumVisualStudioVersion = 10.0.40219.1
Project("{9A19103F-16F7-4668-BE54-9A1E7A4F7556}") = "GeoPing.Core", "src\GeoPing.Core\GeoPing.Core.csproj", "{57284F56-1434-4006-B0EA-CDA341AF322D}"
EndProject
Project("{9A19103F-16F7-4668-BE54-9A1E7A4F7556}") = "GeoPing.Api", "src\GeoPing.Api\GeoPing.Api.csproj", "{4DDCF5F6-8399-4FD8-9D3F-117C2ED91F84}"
EndProject
Project("{9A19103F-16F7-4668-BE54-9A1E7A4F7556}") = "GeoPing.Utilities", "src\GeoPing.Utilities\GeoPing.Utilities.csproj", "{CF30C8B4-0CD2-4603-A046-4EFF4D9E1883}"
EndProject
Project("{2150E333-8FDC-42A3-9474-1A3956D46DE8}") = "Tests", "Tests", "{0C11FDF2-6FC2-409B-8566-010823D5854E}"
EndProject
Project("{9A19103F-16F7-4668-BE54-9A1E7A4F7556}") = "GeoPing.TestData", "GeoPing.TestData\GeoPing.TestData.csproj", "{17589ACB-2B38-4DCA-98DF-AA4BC42EE21E}"
EndProject
Project("{FAE04EC0-301F-11D3-BF4B-00C04F79EFBC}") = "GeoPing.Api.Tests", "GeoPing.Api.Tests\GeoPing.Api.Tests.csproj", "{978D8A1B-C049-4B97-B662-F0A9226FBE05}"
EndProject
Global
	GlobalSection(SolutionConfigurationPlatforms) = preSolution
		Debug|Any CPU = Debug|Any CPU
		Release|Any CPU = Release|Any CPU
	EndGlobalSection
	GlobalSection(ProjectConfigurationPlatforms) = postSolution
		{57284F56-1434-4006-B0EA-CDA341AF322D}.Debug|Any CPU.ActiveCfg = Debug|Any CPU
		{57284F56-1434-4006-B0EA-CDA341AF322D}.Debug|Any CPU.Build.0 = Debug|Any CPU
		{57284F56-1434-4006-B0EA-CDA341AF322D}.Release|Any CPU.ActiveCfg = Release|Any CPU
		{57284F56-1434-4006-B0EA-CDA341AF322D}.Release|Any CPU.Build.0 = Release|Any CPU
		{4DDCF5F6-8399-4FD8-9D3F-117C2ED91F84}.Debug|Any CPU.ActiveCfg = Debug|Any CPU
		{4DDCF5F6-8399-4FD8-9D3F-117C2ED91F84}.Debug|Any CPU.Build.0 = Debug|Any CPU
		{4DDCF5F6-8399-4FD8-9D3F-117C2ED91F84}.Release|Any CPU.ActiveCfg = Release|Any CPU
		{4DDCF5F6-8399-4FD8-9D3F-117C2ED91F84}.Release|Any CPU.Build.0 = Release|Any CPU
		{CF30C8B4-0CD2-4603-A046-4EFF4D9E1883}.Debug|Any CPU.ActiveCfg = Debug|Any CPU
		{CF30C8B4-0CD2-4603-A046-4EFF4D9E1883}.Debug|Any CPU.Build.0 = Debug|Any CPU
		{CF30C8B4-0CD2-4603-A046-4EFF4D9E1883}.Release|Any CPU.ActiveCfg = Release|Any CPU
		{CF30C8B4-0CD2-4603-A046-4EFF4D9E1883}.Release|Any CPU.Build.0 = Release|Any CPU
		{17589ACB-2B38-4DCA-98DF-AA4BC42EE21E}.Debug|Any CPU.ActiveCfg = Debug|Any CPU
		{17589ACB-2B38-4DCA-98DF-AA4BC42EE21E}.Debug|Any CPU.Build.0 = Debug|Any CPU
		{17589ACB-2B38-4DCA-98DF-AA4BC42EE21E}.Release|Any CPU.ActiveCfg = Release|Any CPU
		{17589ACB-2B38-4DCA-98DF-AA4BC42EE21E}.Release|Any CPU.Build.0 = Release|Any CPU
		{978D8A1B-C049-4B97-B662-F0A9226FBE05}.Debug|Any CPU.ActiveCfg = Debug|Any CPU
		{978D8A1B-C049-4B97-B662-F0A9226FBE05}.Debug|Any CPU.Build.0 = Debug|Any CPU
		{978D8A1B-C049-4B97-B662-F0A9226FBE05}.Release|Any CPU.ActiveCfg = Release|Any CPU
		{978D8A1B-C049-4B97-B662-F0A9226FBE05}.Release|Any CPU.Build.0 = Release|Any CPU
	EndGlobalSection
	GlobalSection(SolutionProperties) = preSolution
		HideSolutionNode = FALSE
	EndGlobalSection
	GlobalSection(NestedProjects) = preSolution
		{17589ACB-2B38-4DCA-98DF-AA4BC42EE21E} = {0C11FDF2-6FC2-409B-8566-010823D5854E}
		{978D8A1B-C049-4B97-B662-F0A9226FBE05} = {0C11FDF2-6FC2-409B-8566-010823D5854E}
	EndGlobalSection
	GlobalSection(ExtensibilityGlobals) = postSolution
		SolutionGuid = {C667CE7F-682B-4DDB-9CD5-D6C5CF5BAA8B}
	EndGlobalSection
EndGlobal
